
Microsoft Visual Studio Solution File, Format Version 12.00
# Visual Studio 15
VisualStudioVersion = 15.0.27130.2027
MinimumVisualStudioVersion = 10.0.40219.1
Project("{9A19103F-16F7-4668-BE54-9A1E7A4F7556}") = "SiSU", "SiSU\SiSU.csproj", "{EDBD0D16-2BE8-4D10-94FE-8C8EE30F4FE9}"
EndProject
Project("{9A19103F-16F7-4668-BE54-9A1E7A4F7556}") = "SiSU.Model", "SiSU.Model\SiSU.Model.csproj", "{C464282C-51B0-48BC-8549-36722E573959}"
EndProject
Project("{9A19103F-16F7-4668-BE54-9A1E7A4F7556}") = "SiSU.Services", "SiSU.Services\SiSU.Services.csproj", "{6213826C-6109-4BDF-8E06-876EECB72953}"
EndProject
Project("{9A19103F-16F7-4668-BE54-9A1E7A4F7556}") = "SiSU.Repository", "SiSU.Repository\SiSU.Repository.csproj", "{6A3574AA-FB7A-46F6-8680-318970A53735}"
EndProject
Project("{9A19103F-16F7-4668-BE54-9A1E7A4F7556}") = "SiSU.Infrastructure", "SiSU.Infrastructure\SiSU.Infrastructure.csproj", "{4BB393C6-9685-4C7B-B35F-09ACA293AE33}"
EndProject
Project("{FAE04EC0-301F-11D3-BF4B-00C04F79EFBC}") = "SiSU.Test", "SiSU.Test\SiSU.Test.csproj", "{DCACC75A-28C0-4F69-B0F5-B909275A0259}"
EndProject
Global
	GlobalSection(SolutionConfigurationPlatforms) = preSolution
		Debug|Any CPU = Debug|Any CPU
		Release|Any CPU = Release|Any CPU
	EndGlobalSection
	GlobalSection(ProjectConfigurationPlatforms) = postSolution
		{EDBD0D16-2BE8-4D10-94FE-8C8EE30F4FE9}.Debug|Any CPU.ActiveCfg = Debug|Any CPU
		{EDBD0D16-2BE8-4D10-94FE-8C8EE30F4FE9}.Debug|Any CPU.Build.0 = Debug|Any CPU
		{EDBD0D16-2BE8-4D10-94FE-8C8EE30F4FE9}.Release|Any CPU.ActiveCfg = Release|Any CPU
		{EDBD0D16-2BE8-4D10-94FE-8C8EE30F4FE9}.Release|Any CPU.Build.0 = Release|Any CPU
		{C464282C-51B0-48BC-8549-36722E573959}.Debug|Any CPU.ActiveCfg = Debug|Any CPU
		{C464282C-51B0-48BC-8549-36722E573959}.Debug|Any CPU.Build.0 = Debug|Any CPU
		{C464282C-51B0-48BC-8549-36722E573959}.Release|Any CPU.ActiveCfg = Release|Any CPU
		{C464282C-51B0-48BC-8549-36722E573959}.Release|Any CPU.Build.0 = Release|Any CPU
		{6213826C-6109-4BDF-8E06-876EECB72953}.Debug|Any CPU.ActiveCfg = Debug|Any CPU
		{6213826C-6109-4BDF-8E06-876EECB72953}.Debug|Any CPU.Build.0 = Debug|Any CPU
		{6213826C-6109-4BDF-8E06-876EECB72953}.Release|Any CPU.ActiveCfg = Release|Any CPU
		{6213826C-6109-4BDF-8E06-876EECB72953}.Release|Any CPU.Build.0 = Release|Any CPU
		{6A3574AA-FB7A-46F6-8680-318970A53735}.Debug|Any CPU.ActiveCfg = Debug|Any CPU
		{6A3574AA-FB7A-46F6-8680-318970A53735}.Debug|Any CPU.Build.0 = Debug|Any CPU
		{6A3574AA-FB7A-46F6-8680-318970A53735}.Release|Any CPU.ActiveCfg = Release|Any CPU
		{6A3574AA-FB7A-46F6-8680-318970A53735}.Release|Any CPU.Build.0 = Release|Any CPU
		{4BB393C6-9685-4C7B-B35F-09ACA293AE33}.Debug|Any CPU.ActiveCfg = Debug|Any CPU
		{4BB393C6-9685-4C7B-B35F-09ACA293AE33}.Debug|Any CPU.Build.0 = Debug|Any CPU
		{4BB393C6-9685-4C7B-B35F-09ACA293AE33}.Release|Any CPU.ActiveCfg = Release|Any CPU
		{4BB393C6-9685-4C7B-B35F-09ACA293AE33}.Release|Any CPU.Build.0 = Release|Any CPU
		{DCACC75A-28C0-4F69-B0F5-B909275A0259}.Debug|Any CPU.ActiveCfg = Debug|Any CPU
		{DCACC75A-28C0-4F69-B0F5-B909275A0259}.Debug|Any CPU.Build.0 = Debug|Any CPU
		{DCACC75A-28C0-4F69-B0F5-B909275A0259}.Release|Any CPU.ActiveCfg = Release|Any CPU
		{DCACC75A-28C0-4F69-B0F5-B909275A0259}.Release|Any CPU.Build.0 = Release|Any CPU
	EndGlobalSection
	GlobalSection(SolutionProperties) = preSolution
		HideSolutionNode = FALSE
	EndGlobalSection
	GlobalSection(ExtensibilityGlobals) = postSolution
		SolutionGuid = {BF77DBB5-749F-488B-ACA2-3BB9F4256591}
	EndGlobalSection
EndGlobal
